Microsoft Visual Studio Solution File, Format Version 12.00
# Visual Studio Version 17
VisualStudioVersion = 17.5.2.0
MinimumVisualStudioVersion = 10.0.40219.1
Project("{FAE04EC0-301F-11D3-BF4B-00C04F79EFBC}") = "MyLibrary", "MyLibrary\MyLibrary.csproj", "{D87DFD7D-66DA-FC63-5D3C-B113BBF97EDE}"
EndProject
Project("{FAE04EC0-301F-11D3-BF4B-00C04F79EFBC}") = "MyLibrary.Tests", "MyLibrary.Tests\MyLibrary.Tests.csproj", "{94CA36CF-44F0-EDC9-CDD1-A67FDD5D8990}"
EndProject
Global
	GlobalSection(SolutionConfigurationPlatforms) = preSolution
		Debug|Any CPU = Debug|Any CPU
		Release|Any CPU = Release|Any CPU
	EndGlobalSection
	GlobalSection(ProjectConfigurationPlatforms) = postSolution
		{D87DFD7D-66DA-FC63-5D3C-B113BBF97EDE}.Debug|Any CPU.ActiveCfg = Debug|Any CPU
		{D87DFD7D-66DA-FC63-5D3C-B113BBF97EDE}.Debug|Any CPU.Build.0 = Debug|Any CPU
		{D87DFD7D-66DA-FC63-5D3C-B113BBF97EDE}.Release|Any CPU.ActiveCfg = Release|Any CPU
		{D87DFD7D-66DA-FC63-5D3C-B113BBF97EDE}.Release|Any CPU.Build.0 = Release|Any CPU
		{94CA36CF-44F0-EDC9-CDD1-A67FDD5D8990}.Debug|Any CPU.ActiveCfg = Debug|Any CPU
		{94CA36CF-44F0-EDC9-CDD1-A67FDD5D8990}.Debug|Any CPU.Build.0 = Debug|Any CPU
		{94CA36CF-44F0-EDC9-CDD1-A67FDD5D8990}.Release|Any CPU.ActiveCfg = Release|Any CPU
		{94CA36CF-44F0-EDC9-CDD1-A67FDD5D8990}.Release|Any CPU.Build.0 = Release|Any CPU
	EndGlobalSection
	GlobalSection(SolutionProperties) = preSolution
		HideSolutionNode = FALSE
	EndGlobalSection
	GlobalSection(ExtensibilityGlobals) = postSolution
		SolutionGuid = {46E43145-0899-4574-A443-38E874A06979}
	EndGlobalSection
EndGlobal
